// !$*UTF8*$!
{
	archiveVersion = 1;
	classes = {
	};
	objectVersion = 46;
	objects = {

/* Begin PBXBuildFile section */
		8A2F39AF1AB0B2E600B64E3F /* PlaySoundsViewController.swift in Sources */ = {isa = PBXBuildFile; fileRef = 8A2F39AE1AB0B2E600B64E3F /* PlaySoundsViewController.swift */; };
		8A2F39B11AB0BC7700B64E3F /* movie_quote.mp3 in Resources */ = {isa = PBXBuildFile; fileRef = 8A2F39B01AB0BC7700B64E3F /* movie_quote.mp3 */; };
		8A2F39B31AB4DDE600B64E3F /* RecordedAudio.swift in Sources */ = {isa = PBXBuildFile; fileRef = 8A2F39B21AB4DDE600B64E3F /* RecordedAudio.swift */; };
		8ACBEFF11AAAB23500039D0B /* AppDelegate.swift in Sources */ = {isa = PBXBuildFile; fileRef = 8ACBEFF01AAAB23500039D0B /* AppDelegate.swift */; };
		8ACBEFF31AAAB23500039D0B /* RecordSoundsViewController.swift in Sources */ = {isa = PBXBuildFile; fileRef = 8ACBEFF21AAAB23500039D0B /* RecordSoundsViewController.swift */; };
		8ACBEFF61AAAB23500039D0B /* Main.storyboard in Resources */ = {isa = PBXBuildFile; fileRef = 8ACBEFF41AAAB23500039D0B /* Main.storyboard */; };
		8ACBEFF81AAAB23500039D0B /* Images.xcassets in Resources */ = {isa = PBXBuildFile; fileRef = 8ACBEFF71AAAB23500039D0B /* Images.xcassets */; };
		8ACBEFFB1AAAB23500039D0B /* LaunchScreen.xib in Resources */ = {isa = PBXBuildFile; fileRef = 8ACBEFF91AAAB23500039D0B /* LaunchScreen.xib */; };
		8ACBF0071AAAB23500039D0B /* PitchPerfect2Tests.swift in Sources */ = {isa = PBXBuildFile; fileRef = 8ACBF0061AAAB23500039D0B /* PitchPerfect2Tests.swift */; };
/* End PBXBuildFile section */

/* Begin PBXContainerItemProxy section */
		8ACBF0011AAAB23500039D0B /* PBXContainerItemProxy */ = {
			isa = PBXContainerItemProxy;
			containerPortal = 8ACBEFE31AAAB23500039D0B /* Project object */;
			proxyType = 1;
			remoteGlobalIDString = 8ACBEFEA1AAAB23500039D0B;
			remoteInfo = PitchPerfect2;
		};
/* End PBXContainerItemProxy section */

/* Begin PBXFileReference section */
		8A2F39AE1AB0B2E600B64E3F /* PlaySoundsViewController.swift */ = {isa = PBXFileReference; fileEncoding = 4; lastKnownFileType = sourcecode.swift; path = PlaySoundsViewController.swift; sourceTree = "<group>"; };
		8A2F39B01AB0BC7700B64E3F /* movie_quote.mp3 */ = {isa = PBXFileReference; lastKnownFileType = audio.mp3; name = movie_quote.mp3; path = ../movie_quote.mp3; sourceTree = "<group>"; };
		8A2F39B21AB4DDE600B64E3F /* RecordedAudio.swift */ = {isa = PBXFileReference; fileEncoding = 4; lastKnownFileType = sourcecode.swift; path = RecordedAudio.swift; sourceTree = "<group>"; };
		8ACBEFEB1AAAB23500039D0B /* PitchPerfect2.app */ = {isa = PBXFileReference; explicitFileType = wrapper.application; includeInIndex = 0; path = PitchPerfect2.app; sourceTree = BUILT_PRODUCTS_DIR; };
		8ACBEFEF1AAAB23500039D0B /* Info.plist */ = {isa = PBXFileReference; lastKnownFileType = text.plist.xml; path = Info.plist; sourceTree = "<group>"; };
		8ACBEFF01AAAB23500039D0B /* AppDelegate.swift */ = {isa = PBXFileReference; lastKnownFileType = sourcecode.swift; path = AppDelegate.swift; sourceTree = "<group>"; };
		8ACBEFF21AAAB23500039D0B /* RecordSoundsViewController.swift */ = {isa = PBXFileReference; lastKnownFileType = sourcecode.swift; path = RecordSoundsViewController.swift; sourceTree = "<group>"; };
		8ACBEFF51AAAB23500039D0B /* Base */ = {isa = PBXFileReference; lastKnownFileType = file.storyboard; name = Base; path = Base.lproj/Main.storyboard; sourceTree = "<group>"; };
		8ACBEFF71AAAB23500039D0B /* Images.xcassets */ = {isa = PBXFileReference; lastKnownFileType = folder.assetcatalog; path = Images.xcassets; sourceTree = "<group>"; };
		8ACBEFFA1AAAB23500039D0B /* Base */ = {isa = PBXFileReference; lastKnownFileType = file.xib; name = Base; path = Base.lproj/LaunchScreen.xib; sourceTree = "<group>"; };
		8ACBF0001AAAB23500039D0B /* PitchPerfect2Tests.xctest */ = {isa = PBXFileReference; explicitFileType = wrapper.cfbundle; includeInIndex = 0; path = PitchPerfect2Tests.xctest; sourceTree = BUILT_PRODUCTS_DIR; };
		8ACBF0051AAAB23500039D0B /* Info.plist */ = {isa = PBXFileReference; lastKnownFileType = text.plist.xml; path = Info.plist; sourceTree = "<group>"; };
		8ACBF0061AAAB23500039D0B /* PitchPerfect2Tests.swift */ = {isa = PBXFileReference; lastKnownFileType = sourcecode.swift; path = PitchPerfect2Tests.swift; sourceTree = "<group>"; };
/* End PBXFileReference section */

/* Begin PBXFrameworksBuildPhase section */
		8ACBEFE81AAAB23500039D0B /* Frameworks */ = {
			isa = PBXFrameworksBuildPhase;
			buildActionMask = 2147483647;
			files = (
			);
			runOnlyForDeploymentPostprocessing = 0;
		};
		8ACBEFFD1AAAB23500039D0B /* Frameworks */ = {
			isa = PBXFrameworksBuildPhase;
			buildActionMask = 2147483647;
			files = (
			);
			runOnlyForDeploymentPostprocessing = 0;
		};
/* End PBXFrameworksBuildPhase section */

/* Begin PBXGroup section */
		8ACBEFE21AAAB23500039D0B = {
			isa = PBXGroup;
			children = (
				8A2F39B21AB4DDE600B64E3F /* RecordedAudio.swift */,
				8ACBEFED1AAAB23500039D0B /* PitchPerfect2 */,
				8ACBF0031AAAB23500039D0B /* PitchPerfect2Tests */,
				8ACBEFEC1AAAB23500039D0B /* Products */,
			);
			sourceTree = "<group>";
		};
		8ACBEFEC1AAAB23500039D0B /* Products */ = {
			isa = PBXGroup;
			children = (
				8ACBEFEB1AAAB23500039D0B /* PitchPerfect2.app */,
				8ACBF0001AAAB23500039D0B /* PitchPerfect2Tests.xctest */,
			);
			name = Products;
			sourceTree = "<group>";
		};
		8ACBEFED1AAAB23500039D0B /* PitchPerfect2 */ = {
			isa = PBXGroup;
			children = (
				8ACBEFF01AAAB23500039D0B /* AppDelegate.swift */,
				8ACBEFF21AAAB23500039D0B /* RecordSoundsViewController.swift */,
				8ACBEFF41AAAB23500039D0B /* Main.storyboard */,
				8A2F39AE1AB0B2E600B64E3F /* PlaySoundsViewController.swift */,
				8ACBEFF71AAAB23500039D0B /* Images.xcassets */,
				8ACBEFF91AAAB23500039D0B /* LaunchScreen.xib */,
				8ACBEFEE1AAAB23500039D0B /* Supporting Files */,
			);
			path = PitchPerfect2;
			sourceTree = "<group>";
		};
		8ACBEFEE1AAAB23500039D0B /* Supporting Files */ = {
			isa = PBXGroup;
			children = (
				8A2F39B01AB0BC7700B64E3F /* movie_quote.mp3 */,
				8ACBEFEF1AAAB23500039D0B /* Info.plist */,
			);
			name = "Supporting Files";
			sourceTree = "<group>";
		};
		8ACBF0031AAAB23500039D0B /* PitchPerfect2Tests */ = {
			isa = PBXGroup;
			children = (
				8ACBF0061AAAB23500039D0B /* PitchPerfect2Tests.swift */,
				8ACBF0041AAAB23500039D0B /* Supporting Files */,
			);
			path = PitchPerfect2Tests;
			sourceTree = "<group>";
		};
		8ACBF0041AAAB23500039D0B /* Supporting Files */ = {
			isa = PBXGroup;
			children = (
				8ACBF0051AAAB23500039D0B /* Info.plist */,
			);
			name = "Supporting Files";
			sourceTree = "<group>";
		};
/* End PBXGroup section */

/* Begin PBXNativeTarget section */
		8ACBEFEA1AAAB23500039D0B /* PitchPerfect2 */ = {
			isa = PBXNativeTarget;
			buildConfigurationList = 8ACBF00A1AAAB23500039D0B /* Build configuration list for PBXNativeTarget "PitchPerfect2" */;
			buildPhases = (
				8ACBEFE71AAAB23500039D0B /* Sources */,
				8ACBEFE81AAAB23500039D0B /* Frameworks */,
				8ACBEFE91AAAB23500039D0B /* Resources */,
			);
			buildRules = (
			);
			dependencies = (
			);
			name = PitchPerfect2;
			productName = PitchPerfect2;
			productReference = 8ACBEFEB1AAAB23500039D0B /* PitchPerfect2.app */;
			productType = "com.apple.product-type.application";
		};
		8ACBEFFF1AAAB23500039D0B /* PitchPerfect2Tests */ = {
			isa = PBXNativeTarget;
			buildConfigurationList = 8ACBF00D1AAAB23500039D0B /* Build configuration list for PBXNativeTarget "PitchPerfect2Tests" */;
			buildPhases = (
				8ACBEFFC1AAAB23500039D0B /* Sources */,
				8ACBEFFD1AAAB23500039D0B /* Frameworks */,
				8ACBEFFE1AAAB23500039D0B /* Resources */,
			);
			buildRules = (
			);
			dependencies = (
				8ACBF0021AAAB23500039D0B /* PBXTargetDependency */,
			);
			name = PitchPerfect2Tests;
			productName = PitchPerfect2Tests;
			productReference = 8ACBF0001AAAB23500039D0B /* PitchPerfect2Tests.xctest */;
			productType = "com.apple.product-type.bundle.unit-test";
		};
/* End PBXNativeTarget section */

/* Begin PBXProject section */
		8ACBEFE31AAAB23500039D0B /* Project object */ = {
			isa = PBXProject;
			attributes = {
				LastUpgradeCheck = 0610;
				ORGANIZATIONNAME = "Bill Song";
				TargetAttributes = {
					8ACBEFEA1AAAB23500039D0B = {
						CreatedOnToolsVersion = 6.1.1;
					};
					8ACBEFFF1AAAB23500039D0B = {
						CreatedOnToolsVersion = 6.1.1;
						TestTargetID = 8ACBEFEA1AAAB23500039D0B;
					};
				};
			};
			buildConfigurationList = 8ACBEFE61AAAB23500039D0B /* Build configuration list for PBXProject "PitchPerfect2" */;
			compatibilityVersion = "Xcode 3.2";
			developmentRegion = English;
			hasScannedForEncodings = 0;
			knownRegions = (
				en,
				Base,
			);
			mainGroup = 8ACBEFE21AAAB23500039D0B;
			productRefGroup = 8ACBEFEC1AAAB23500039D0B /* Products */;
			projectDirPath = "";
			projectRoot = "";
			targets = (
				8ACBEFEA1AAAB23500039D0B /* PitchPerfect2 */,
				8ACBEFFF1AAAB23500039D0B /* PitchPerfect2Tests */,
			);
		};
/* End PBXProject section */

/* Begin PBXResourcesBuildPhase section */
		8ACBEFE91AAAB23500039D0B /* Resources */ = {
			isa = PBXResourcesBuildPhase;
			buildActionMask = 2147483647;
			files = (
				8ACBEFF61AAAB23500039D0B /* Main.storyboard in Resources */,
				8ACBEFFB1AAAB23500039D0B /* LaunchScreen.xib in Resources */,
				8A2F39B11AB0BC7700B64E3F /* movie_quote.mp3 in Resources */,
				8ACBEFF81AAAB23500039D0B /* Images.xcassets in Resources */,
			);
			runOnlyForDeploymentPostprocessing = 0;
		};
		8ACBEFFE1AAAB23500039D0B /* Resources */ = {
			isa = PBXResourcesBuildPhase;
			buildActionMask = 2147483647;
			files = (
			);
			runOnlyForDeploymentPostprocessing = 0;
		};
/* End PBXResourcesBuildPhase section */

/* Begin PBXSourcesBuildPhase section */
		8ACBEFE71AAAB23500039D0B /* Sources */ = {
			isa = PBXSourcesBuildPhase;
			buildActionMask = 2147483647;
			files = (
				8A2F39B31AB4DDE600B64E3F /* RecordedAudio.swift in Sources */,
				8ACBEFF31AAAB23500039D0B /* RecordSoundsViewController.swift in Sources */,
				8A2F39AF1AB0B2E600B64E3F /* PlaySoundsViewController.swift in Sources */,
				8ACBEFF11AAAB23500039D0B /* AppDelegate.swift in Sources */,
			);
			runOnlyForDeploymentPostprocessing = 0;
		};
		8ACBEFFC1AAAB23500039D0B /* Sources */ = {
			isa = PBXSourcesBuildPhase;
			buildActionMask = 2147483647;
			files = (
				8ACBF0071AAAB23500039D0B /* PitchPerfect2Tests.swift in Sources */,
			);
			runOnlyForDeploymentPostprocessing = 0;
		};
/* End PBXSourcesBuildPhase section */

/* Begin PBXTargetDependency section */
		8ACBF0021AAAB23500039D0B /* PBXTargetDependency */ = {
			isa = PBXTargetDependency;
			target = 8ACBEFEA1AAAB23500039D0B /* PitchPerfect2 */;
			targetProxy = 8ACBF0011AAAB23500039D0B /* PBXContainerItemProxy */;
		};
/* End PBXTargetDependency section */

/* Begin PBXVariantGroup section */
		8ACBEFF41AAAB23500039D0B /* Main.storyboard */ = {
			isa = PBXVariantGroup;
			children = (
				8ACBEFF51AAAB23500039D0B /* Base */,
			);
			name = Main.storyboard;
			sourceTree = "<group>";
		};
		8ACBEFF91AAAB23500039D0B /* LaunchScreen.xib */ = {
			isa = PBXVariantGroup;
			children = (
				8ACBEFFA1AAAB23500039D0B /* Base */,
			);
			name = LaunchScreen.xib;
			sourceTree = "<group>";
		};
/* End PBXVariantGroup section */

/* Begin XCBuildConfiguration section */
		8ACBF0081AAAB23500039D0B /* Debug */ = {
			isa = XCBuildConfiguration;
			buildSettings = {
				ALWAYS_SEARCH_USER_PATHS = NO;
				CLANG_CXX_LANGUAGE_STANDARD = "gnu++0x";
				CLANG_CXX_LIBRARY = "libc++";
				CLANG_ENABLE_MODULES = YES;
				CLANG_ENABLE_OBJC_ARC = YES;
				CLANG_WARN_BOOL_CONVERSION = YES;
				CLANG_WARN_CONSTANT_CONVERSION = YES;
				CLANG_WARN_DIRECT_OBJC_ISA_USAGE = YES_ERROR;
				CLANG_WARN_EMPTY_BODY = YES;
				CLANG_WARN_ENUM_CONVERSION = YES;
				CLANG_WARN_INT_CONVERSION = YES;
				CLANG_WARN_OBJC_ROOT_CLASS = YES_ERROR;
				CLANG_WARN_UNREACHABLE_CODE = YES;
				CLANG_WARN__DUPLICATE_METHOD_MATCH = YES;
				"CODE_SIGN_IDENTITY[sdk=iphoneos*]" = "iPhone Developer";
				COPY_PHASE_STRIP = NO;
				ENABLE_STRICT_OBJC_MSGSEND = YES;
				GCC_C_LANGUAGE_STANDARD = gnu99;
				GCC_DYNAMIC_NO_PIC = NO;
				GCC_OPTIMIZATION_LEVEL = 0;
				GCC_PREPROCESSOR_DEFINITIONS = (
					"DEBUG=1",
					"$(inherited)",
				);
				GCC_SYMBOLS_PRIVATE_EXTERN = NO;
				GCC_WARN_64_TO_32_BIT_CONVERSION = YES;
				GCC_WARN_ABOUT_RETURN_TYPE = YES_ERROR;
				GCC_WARN_UNDECLARED_SELECTOR = YES;
				GCC_WARN_UNINITIALIZED_AUTOS = YES_AGGRESSIVE;
				GCC_WARN_UNUSED_FUNCTION = YES;
				GCC_WARN_UNUSED_VARIABLE = YES;
				IPHONEOS_DEPLOYMENT_TARGET = 8.1;
				MTL_ENABLE_DEBUG_INFO = YES;
				ONLY_ACTIVE_ARCH = YES;
				SDKROOT = iphoneos;
				SWIFT_OPTIMIZATION_LEVEL = "-Onone";
			};
			name = Debug;
		};
		8ACBF0091AAAB23500039D0B /* Release */ = {
			isa = XCBuildConfiguration;
			buildSettings = {
				ALWAYS_SEARCH_USER_PATHS = NO;
				CLANG_CXX_LANGUAGE_STANDARD = "gnu++0x";
				CLANG_CXX_LIBRARY = "libc++";
				CLANG_ENABLE_MODULES = YES;
				CLANG_ENABLE_OBJC_ARC = YES;
				CLANG_WARN_BOOL_CONVERSION = YES;
				CLANG_WARN_CONSTANT_CONVERSION = YES;
				CLANG_WARN_DIRECT_OBJC_ISA_USAGE = YES_ERROR;
				CLANG_WARN_EMPTY_BODY = YES;
				CLANG_WARN_ENUM_CONVERSION = YES;
				CLANG_WARN_INT_CONVERSION = YES;
				CLANG_WARN_OBJC_ROOT_CLASS = YES_ERROR;
				CLANG_WARN_UNREACHABLE_CODE = YES;
				CLANG_WARN__DUPLICATE_METHOD_MATCH = YES;
				"CODE_SIGN_IDENTITY[sdk=iphoneos*]" = "iPhone Developer";
				COPY_PHASE_STRIP = YES;
				ENABLE_NS_ASSERTIONS = NO;
				ENABLE_STRICT_OBJC_MSGSEND = YES;
				GCC_C_LANGUAGE_STANDARD = gnu99;
				GCC_WARN_64_TO_32_BIT_CONVERSION = YES;
				GCC_WARN_ABOUT_RETURN_TYPE = YES_ERROR;
				GCC_WARN_UNDECLARED_SELECTOR = YES;
				GCC_WARN_UNINITIALIZED_AUTOS = YES_AGGRESSIVE;
				GCC_WARN_UNUSED_FUNCTION = YES;
				GCC_WARN_UNUSED_VARIABLE = YES;
				IPHONEOS_DEPLOYMENT_TARGET = 8.1;
				MTL_ENABLE_DEBUG_INFO = NO;
				SDKROOT = iphoneos;
				VALIDATE_PRODUCT = YES;
			};
			name = Release;
		};
		8ACBF00B1AAAB23500039D0B /* Debug */ = {
			isa = XCBuildConfiguration;
			buildSettings = {
				ASSETCATALOG_COMPILER_APPICON_NAME = AppIcon;
				INFOPLIST_FILE = PitchPerfect2/Info.plist;
				LD_RUNPATH_SEARCH_PATHS = "$(inherited) @executable_path/Frameworks";
				PRODUCT_NAME = "$(TARGET_NAME)";
			};
			name = Debug;
		};
		8ACBF00C1AAAB23500039D0B /* Release */ = {
			isa = XCBuildConfiguration;
			buildSettings = {
				ASSETCATALOG_COMPILER_APPICON_NAME = AppIcon;
				INFOPLIST_FILE = PitchPerfect2/Info.plist;
				LD_RUNPATH_SEARCH_PATHS = "$(inherited) @executable_path/Frameworks";
				PRODUCT_NAME = "$(TARGET_NAME)";
			};
			name = Release;
		};
		8ACBF00E1AAAB23500039D0B /* Debug */ = {
			isa = XCBuildConfiguration;
			buildSettings = {
				BUNDLE_LOADER = "$(TEST_HOST)";
				FRAMEWORK_SEARCH_PATHS = (
					"$(SDKROOT)/Developer/Library/Frameworks",
					"$(inherited)",
				);
				GCC_PREPROCESSOR_DEFINITIONS = (
					"DEBUG=1",
					"$(inherited)",
				);
				INFOPLIST_FILE = PitchPerfect2Tests/Info.plist;
				LD_RUNPATH_SEARCH_PATHS = "$(inherited) @executable_path/Frameworks @loader_path/Frameworks";
				PRODUCT_NAME = "$(TARGET_NAME)";
				TEST_HOST = "$(BUILT_PRODUCTS_DIR)/PitchPerfect2.app/PitchPerfect2";
			};
			name = Debug;
		};
		8ACBF00F1AAAB23500039D0B /* Release */ = {
			isa = XCBuildConfiguration;
			buildSettings = {
				BUNDLE_LOADER = "$(TEST_HOST)";
				FRAMEWORK_SEARCH_PATHS = (
					"$(SDKROOT)/Developer/Library/Frameworks",
					"$(inherited)",
				);
				INFOPLIST_FILE = PitchPerfect2Tests/Info.plist;
				LD_RUNPATH_SEARCH_PATHS = "$(inherited) @executable_path/Frameworks @loader_path/Frameworks";
				PRODUCT_NAME = "$(TARGET_NAME)";
				TEST_HOST = "$(BUILT_PRODUCTS_DIR)/PitchPerfect2.app/PitchPerfect2";
			};
			name = Release;
		};
/* End XCBuildConfiguration section */

/* Begin XCConfigurationList section */
		8ACBEFE61AAAB23500039D0B /* Build configuration list for PBXProject "PitchPerfect2" */ = {
			isa = XCConfigurationList;
			buildConfigurations = (
				8ACBF0081AAAB23500039D0B /* Debug */,
				8ACBF0091AAAB23500039D0B /* Release */,
			);
			defaultConfigurationIsVisible = 0;
			defaultConfigurationName = Release;
		};
		8ACBF00A1AAAB23500039D0B /* Build configuration list for PBXNativeTarget "PitchPerfect2" */ = {
			isa = XCConfigurationList;
			buildConfigurations = (
				8ACBF00B1AAAB23500039D0B /* Debug */,
				8ACBF00C1AAAB23500039D0B /* Release */,
			);
			defaultConfigurationIsVisible = 0;
			defaultConfigurationName = Release;
		};
		8ACBF00D1AAAB23500039D0B /* Build configuration list for PBXNativeTarget "PitchPerfect2Tests" */ = {
			isa = XCConfigurationList;
			buildConfigurations = (
				8ACBF00E1AAAB23500039D0B /* Debug */,
				8ACBF00F1AAAB23500039D0B /* Release */,
			);
			defaultConfigurationIsVisible = 0;
			defaultConfigurationName = Release;
		};
/* End XCConfigurationList section */
	};
	rootObject = 8ACBEFE31AAAB23500039D0B /* Project object */;
}
